
Microsoft Visual Studio Solution File, Format Version 12.00
# Visual Studio Version 16
VisualStudioVersion = 16.0.28917.182
MinimumVisualStudioVersion = 10.0.40219.1
Project("{FAE04EC0-301F-11D3-BF4B-00C04F79EFBC}") = "KeepWatching.MediaInfoProvider", "KeepWatching.MediaInfoProvider\KeepWatching.MediaInfoProvider.csproj", "{38FC91CC-4198-4CF8-9AD1-0107D7608768}"
EndProject
Global
	GlobalSection(SolutionConfigurationPlatforms) = preSolution
		Debug|Any CPU = Debug|Any CPU
		Release|Any CPU = Release|Any CPU
	EndGlobalSection
	GlobalSection(ProjectConfigurationPlatforms) = postSolution
		{38FC91CC-4198-4CF8-9AD1-0107D7608768}.Debug|Any CPU.ActiveCfg = Debug|Any CPU
		{38FC91CC-4198-4CF8-9AD1-0107D7608768}.Debug|Any CPU.Build.0 = Debug|Any CPU
		{38FC91CC-4198-4CF8-9AD1-0107D7608768}.Release|Any CPU.ActiveCfg = Release|Any CPU
		{38FC91CC-4198-4CF8-9AD1-0107D7608768}.Release|Any CPU.Build.0 = Release|Any CPU
	EndGlobalSection
	GlobalSection(SolutionProperties) = preSolution
		HideSolutionNode = FALSE
	EndGlobalSection
	GlobalSection(ExtensibilityGlobals) = postSolution
		SolutionGuid = {144B3648-96B4-4A38-913A-AD95A292A0F4}
	EndGlobalSection
EndGlobal
